
Microsoft Visual Studio Solution File, Format Version 12.00
# Visual Studio 14
VisualStudioVersion = 14.0.25420.1
MinimumVisualStudioVersion = 10.0.40219.1
Project("{FAE04EC0-301F-11D3-BF4B-00C04F79EFBC}") = "Xb.App.Job.STD1.3", "Xb.App.Job.STD1.3\Xb.App.Job.STD1.3.csproj", "{94972977-0C08-47EA-8B69-613F9D0ED51F}"
EndProject
Project("{FAE04EC0-301F-11D3-BF4B-00C04F79EFBC}") = "Xb.App.Job.FW4.5.1", "Xb.App.Job.FW4.5.1\Xb.App.Job.FW4.5.1.csproj", "{1BA40FAF-B449-424C-AF3B-0C412546CD18}"
EndProject
Project("{FAE04EC0-301F-11D3-BF4B-00C04F79EFBC}") = "TestXb.App.Job", "TestXb.App.Job\TestXb.App.Job.csproj", "{4E8F0213-C75C-493D-907A-066B566B8B34}"
EndProject
Global
	GlobalSection(SolutionConfigurationPlatforms) = preSolution
		Debug|Any CPU = Debug|Any CPU
		Release|Any CPU = Release|Any CPU
	EndGlobalSection
	GlobalSection(ProjectConfigurationPlatforms) = postSolution
		{94972977-0C08-47EA-8B69-613F9D0ED51F}.Debug|Any CPU.ActiveCfg = Debug|Any CPU
		{94972977-0C08-47EA-8B69-613F9D0ED51F}.Debug|Any CPU.Build.0 = Debug|Any CPU
		{94972977-0C08-47EA-8B69-613F9D0ED51F}.Release|Any CPU.ActiveCfg = Release|Any CPU
		{94972977-0C08-47EA-8B69-613F9D0ED51F}.Release|Any CPU.Build.0 = Release|Any CPU
		{1BA40FAF-B449-424C-AF3B-0C412546CD18}.Debug|Any CPU.ActiveCfg = Debug|Any CPU
		{1BA40FAF-B449-424C-AF3B-0C412546CD18}.Debug|Any CPU.Build.0 = Debug|Any CPU
		{1BA40FAF-B449-424C-AF3B-0C412546CD18}.Release|Any CPU.ActiveCfg = Release|Any CPU
		{1BA40FAF-B449-424C-AF3B-0C412546CD18}.Release|Any CPU.Build.0 = Release|Any CPU
		{4E8F0213-C75C-493D-907A-066B566B8B34}.Debug|Any CPU.ActiveCfg = Debug|Any CPU
		{4E8F0213-C75C-493D-907A-066B566B8B34}.Debug|Any CPU.Build.0 = Debug|Any CPU
		{4E8F0213-C75C-493D-907A-066B566B8B34}.Release|Any CPU.ActiveCfg = Release|Any CPU
		{4E8F0213-C75C-493D-907A-066B566B8B34}.Release|Any CPU.Build.0 = Release|Any CPU
	EndGlobalSection
	GlobalSection(SolutionProperties) = preSolution
		HideSolutionNode = FALSE
	EndGlobalSection
EndGlobal
