
Microsoft Visual Studio Solution File, Format Version 12.00
# Visual Studio Version 16
VisualStudioVersion = 16.0.30011.22
MinimumVisualStudioVersion = 10.0.40219.1
Project("{FAE04EC0-301F-11D3-BF4B-00C04F79EFBC}") = "Xb.App.Job.STD1.3", "Xb.App.Job.STD1.3\Xb.App.Job.STD1.3.csproj", "{94972977-0C08-47EA-8B69-613F9D0ED51F}"
EndProject
Project("{FAE04EC0-301F-11D3-BF4B-00C04F79EFBC}") = "Xb.App.Job.FW4.5.1", "Xb.App.Job.FW4.5.1\Xb.App.Job.FW4.5.1.csproj", "{1BA40FAF-B449-424C-AF3B-0C412546CD18}"
EndProject
Project("{FAE04EC0-301F-11D3-BF4B-00C04F79EFBC}") = "TestFormXb.App.Job", "TestFormXb.App.Job\TestFormXb.App.Job.csproj", "{A53C5B6D-9066-4F4E-83B4-45D6921ADE89}"
EndProject
Project("{FAE04EC0-301F-11D3-BF4B-00C04F79EFBC}") = "Xb.App.Job.Test", "Xb.App.Job.Test\Xb.App.Job.Test.csproj", "{61A80E3F-BF0F-4F35-A562-4D731EA76944}"
EndProject
Project("{2150E333-8FDC-42A3-9474-1A3956D46DE8}") = "Solution Items", "Solution Items", "{051172A1-65FB-4FB3-93E9-4E0C77527451}"
	ProjectSection(SolutionItems) = preProject
		.gitignore = .gitignore
		LICENSE = LICENSE
		README.md = README.md
	EndProjectSection
EndProject
Global
	GlobalSection(SolutionConfigurationPlatforms) = preSolution
		Debug|Any CPU = Debug|Any CPU
		Release|Any CPU = Release|Any CPU
	EndGlobalSection
	GlobalSection(ProjectConfigurationPlatforms) = postSolution
		{94972977-0C08-47EA-8B69-613F9D0ED51F}.Debug|Any CPU.ActiveCfg = Debug|Any CPU
		{94972977-0C08-47EA-8B69-613F9D0ED51F}.Debug|Any CPU.Build.0 = Debug|Any CPU
		{94972977-0C08-47EA-8B69-613F9D0ED51F}.Release|Any CPU.ActiveCfg = Release|Any CPU
		{94972977-0C08-47EA-8B69-613F9D0ED51F}.Release|Any CPU.Build.0 = Release|Any CPU
		{1BA40FAF-B449-424C-AF3B-0C412546CD18}.Debug|Any CPU.ActiveCfg = Debug|Any CPU
		{1BA40FAF-B449-424C-AF3B-0C412546CD18}.Debug|Any CPU.Build.0 = Debug|Any CPU
		{1BA40FAF-B449-424C-AF3B-0C412546CD18}.Release|Any CPU.ActiveCfg = Release|Any CPU
		{1BA40FAF-B449-424C-AF3B-0C412546CD18}.Release|Any CPU.Build.0 = Release|Any CPU
		{A53C5B6D-9066-4F4E-83B4-45D6921ADE89}.Debug|Any CPU.ActiveCfg = Debug|Any CPU
		{A53C5B6D-9066-4F4E-83B4-45D6921ADE89}.Debug|Any CPU.Build.0 = Debug|Any CPU
		{A53C5B6D-9066-4F4E-83B4-45D6921ADE89}.Release|Any CPU.ActiveCfg = Release|Any CPU
		{A53C5B6D-9066-4F4E-83B4-45D6921ADE89}.Release|Any CPU.Build.0 = Release|Any CPU
		{61A80E3F-BF0F-4F35-A562-4D731EA76944}.Debug|Any CPU.ActiveCfg = Debug|Any CPU
		{61A80E3F-BF0F-4F35-A562-4D731EA76944}.Debug|Any CPU.Build.0 = Debug|Any CPU
		{61A80E3F-BF0F-4F35-A562-4D731EA76944}.Release|Any CPU.ActiveCfg = Release|Any CPU
		{61A80E3F-BF0F-4F35-A562-4D731EA76944}.Release|Any CPU.Build.0 = Release|Any CPU
	EndGlobalSection
	GlobalSection(SolutionProperties) = preSolution
		HideSolutionNode = FALSE
	EndGlobalSection
	GlobalSection(ExtensibilityGlobals) = postSolution
		SolutionGuid = {EB0F4947-ED7B-45BE-A86D-1F9D3DB614F0}
	EndGlobalSection
EndGlobal
